{
  "version": "3",
  "redirects": {
    "https://esm.sh/@adguard/hostlist-compiler": "https://esm.sh/@adguard/hostlist-compiler@1.0.22",
    "https://esm.sh/@cliqz/adblocker": "https://esm.sh/@cliqz/adblocker@1.26.7"
  },
  "remote": {
    "https://deno.land/std@0.150.0/media_types/_util.ts": "ce9b4fc4ba1c447dafab619055e20fd88236ca6bdd7834a21f98bd193c3fbfa1",
    "https://deno.land/std@0.150.0/media_types/mod.ts": "2d4b6f32a087029272dc59e0a55ae3cc4d1b27b794ccf528e94b1925795b3118",
    "https://deno.land/std@0.150.0/media_types/vendor/mime-db.v1.52.0.ts": "724cee25fa40f1a52d3937d6b4fbbfdd7791ff55e1b7ac08d9319d5632c7f5af",
    "https://deno.land/std@0.186.0/_util/asserts.ts": "178dfc49a464aee693a7e285567b3d0b555dc805ff490505a8aae34f9cfb1462",
    "https://deno.land/std@0.186.0/_util/os.ts": "d932f56d41e4f6a6093d56044e29ce637f8dcc43c5a90af43504a889cf1775e3",
    "https://deno.land/std@0.186.0/async/abortable.ts": "fd682fa46f3b7b16b4606a5ab52a7ce309434b76f820d3221bdfb862719a15d7",
    "https://deno.land/std@0.186.0/async/deadline.ts": "58f72a3cc0fcb731b2cc055ba046f4b5be3349ff6bf98f2e793c3b969354aab2",
    "https://deno.land/std@0.186.0/async/debounce.ts": "adab11d04ca38d699444ac8a9d9856b4155e8dda2afd07ce78276c01ea5a4332",
    "https://deno.land/std@0.186.0/async/deferred.ts": "42790112f36a75a57db4a96d33974a936deb7b04d25c6084a9fa8a49f135def8",
    "https://deno.land/std@0.186.0/async/delay.ts": "73aa04cec034c84fc748c7be49bb15cac3dd43a57174bfdb7a4aec22c248f0dd",
    "https://deno.land/std@0.186.0/async/mod.ts": "f04344fa21738e5ad6bea37a6bfffd57c617c2d372bb9f9dcfd118a1b622e576",
    "https://deno.land/std@0.186.0/async/mux_async_iterator.ts": "70c7f2ee4e9466161350473ad61cac0b9f115cff4c552eaa7ef9d50c4cbb4cc9",
    "https://deno.land/std@0.186.0/async/pool.ts": "f1b8d3df4d7fd3c73f8cbc91cc2e8b8e950910f1eab94230b443944d7584c657",
    "https://deno.land/std@0.186.0/async/retry.ts": "dd19d93033d8eaddbfcb7654c0366e9d3b0a21448bdb06eba4a7d8a8cf936a92",
    "https://deno.land/std@0.186.0/async/tee.ts": "47e42d35f622650b02234d43803d0383a89eb4387e1b83b5a40106d18ae36757",
    "https://deno.land/std@0.186.0/collections/_utils.ts": "5114abc026ddef71207a79609b984614e66a63a4bda17d819d56b0e72c51527e",
    "https://deno.land/std@0.186.0/collections/deep_merge.ts": "5a8ed29030f4471a5272785c57c3455fa79697b9a8f306013a8feae12bafc99a",
    "https://deno.land/std@0.186.0/encoding/base64.ts": "144ae6234c1fbe5b68666c711dc15b1e9ee2aef6d42b3b4345bf9a6c91d70d0d",
    "https://deno.land/std@0.186.0/flags/mod.ts": "4d829c5bd1d657799cdeb487c6e418960efc6f4d8ce6cadc38a54b9ce266160a",
    "https://deno.land/std@0.186.0/fmt/colors.ts": "d67e3cd9f472535241a8e410d33423980bec45047e343577554d3356e1f0ef4e",
    "https://deno.land/std@0.186.0/http/etag.ts": "6ad8abbbb1045aabf2307959a2c5565054a8bf01c9824ddee836b1ff22706a58",
    "https://deno.land/std@0.186.0/http/file_server.ts": "b8a15fbf714167bf893af64cda7a97be64a2dd79b98159403af1a7bae565e358",
    "https://deno.land/std@0.186.0/http/http_status.ts": "8a7bcfe3ac025199ad804075385e57f63d055b2aed539d943ccc277616d6f932",
    "https://deno.land/std@0.186.0/http/server.ts": "1b23463b5b36e4eebc495417f6af47a6f7d52e3294827a1226d2a1aab23d9d20",
    "https://deno.land/std@0.186.0/http/util.ts": "57bf151c8d4388bbd56ed01ece1720934252adc6f859f782392927f0f78964c0",
    "https://deno.land/std@0.186.0/media_types/_db.ts": "7606d83e31f23ce1a7968cbaee852810c2cf477903a095696cdc62eaab7ce570",
    "https://deno.land/std@0.186.0/media_types/_util.ts": "916efbd30b6148a716f110e67a4db29d6949bf4048997b754415dd7e42c52378",
    "https://deno.land/std@0.186.0/media_types/content_type.ts": "ad98a5aa2d95f5965b2796072284258710a25e520952376ed432b0937ce743bc",
    "https://deno.land/std@0.186.0/media_types/format_media_type.ts": "f5e1073c05526a6f5a516ac5c5587a1abd043bf1039c71cde1166aa4328c8baf",
    "https://deno.land/std@0.186.0/media_types/get_charset.ts": "18b88274796fda5d353806bf409eb1d2ddb3f004eb4bd311662c4cdd8ac173db",
    "https://deno.land/std@0.186.0/media_types/parse_media_type.ts": "835c4112e1357e95b4f10d7cdea5ae1801967e444f48673ff8f1cb4d32af9920",
    "https://deno.land/std@0.186.0/media_types/type_by_extension.ts": "daa801eb0f11cdf199445d0f1b656cf116d47dcf9e5b85cc1e6b4469f5ee0432",
    "https://deno.land/std@0.186.0/media_types/vendor/mime-db.v1.52.0.ts": "6925bbcae81ca37241e3f55908d0505724358cda3384eaea707773b2c7e99586",
    "https://deno.land/std@0.186.0/path/_constants.ts": "e49961f6f4f48039c0dfed3c3f93e963ca3d92791c9d478ac5b43183413136e0",
    "https://deno.land/std@0.186.0/path/_interface.ts": "6471159dfbbc357e03882c2266d21ef9afdb1e4aa771b0545e90db58a0ba314b",
    "https://deno.land/std@0.186.0/path/_util.ts": "d7abb1e0dea065f427b89156e28cdeb32b045870acdf865833ba808a73b576d0",
    "https://deno.land/std@0.186.0/path/common.ts": "ee7505ab01fd22de3963b64e46cff31f40de34f9f8de1fff6a1bd2fe79380000",
    "https://deno.land/std@0.186.0/path/glob.ts": "d479e0a695621c94d3fd7fe7abd4f9499caf32a8de13f25073451c6ef420a4e1",
    "https://deno.land/std@0.186.0/path/mod.ts": "ee161baec5ded6510ee1d1fb6a75a0f5e4b41f3f3301c92c716ecbdf7dae910d",
    "https://deno.land/std@0.186.0/path/posix.ts": "8b7c67ac338714b30c816079303d0285dd24af6b284f7ad63da5b27372a2c94d",
    "https://deno.land/std@0.186.0/path/separator.ts": "0fb679739d0d1d7bf45b68dacfb4ec7563597a902edbaf3c59b50d5bcadd93b1",
    "https://deno.land/std@0.186.0/path/win32.ts": "d186344e5583bcbf8b18af416d13d82b35a317116e6460a5a3953508c3de5bba",
    "https://deno.land/std@0.186.0/streams/byte_slice_stream.ts": "225d57263a34325d7c96cb3dafeb478eec0e6fd05cd0458d678752eadd132bb4",
    "https://deno.land/std@0.186.0/version.ts": "657886914f9561e28d7fc54cb9e05974a254f457fb50e1f7cd3192d10904b17d",
    "https://deno.land/x/xhr@0.3.0/mod.ts": "094aacd627fd9635cd942053bf8032b5223b909858fa9dc8ffa583752ff63b20",
    "https://esm.sh/@adguard/hostlist-compiler@1.0.22": "c76bc7e31f9cb63b245877c6a702ba77303fdfd0b9a30afcdb053a5c5a3bf648",
    "https://esm.sh/@cliqz/adblocker@1.26.7": "ae047603b7486f7cf62f89270f343d492f88b76f71872ac9c87f511febd86b0b",
    "https://esm.sh/v132/@adguard/hostlist-compiler@1.0.22/denonext/hostlist-compiler.mjs": "182d67ff0157a3dc00cc145f5ca3a17b29753e84cf611ca37b4ee673b91ef68e",
    "https://esm.sh/v132/@babel/code-frame@7.22.13/denonext/code-frame.mjs": "36c0142ffe71193bdacb05059361033f35ee9da32eb3fcede93c01ea153a1718",
    "https://esm.sh/v132/@babel/helper-validator-identifier@7.22.15/denonext/helper-validator-identifier.mjs": "eae617818152da17a30708890fbad5512b6bdb95b921e689e6fbd3d2306e8da0",
    "https://esm.sh/v132/@babel/highlight@7.22.13/denonext/highlight.mjs": "3b985f6fe3849c60baa9a496ddf355564402da27202554bfb38153b267b1505e",
    "https://esm.sh/v132/@babel/runtime@7.22.15/denonext/helpers/inheritsLoose.js": "f1eb5d737907e650c3bd1dc2db64857f36ceeef7eaf55e6bf0496ec71a2b9129",
    "https://esm.sh/v132/@babel/runtime@7.22.15/denonext/helpers/interopRequireDefault.js": "353b8eeaf2e7a9d03fbe000fcb8c396a339c2542573f301ace8ec07086e7631f",
    "https://esm.sh/v132/@cliqz/adblocker-extended-selectors@1.26.7/denonext/adblocker-extended-selectors.mjs": "547e6fc9344df5f25bf7f3f2a1b03228cba6536c7e20378dbe0b4a75517f832f",
    "https://esm.sh/v132/@cliqz/adblocker@1.26.7/denonext/adblocker.mjs": "2aa189ff0c630d45313951875753ad6f9ec6d23f65e140c334b94184d2eadd2f",
    "https://esm.sh/v132/@remusao/guess-url-type@1.2.1/denonext/guess-url-type.mjs": "22ccf2fa04671b04085f84fade4d6cc710c8acac811c4c8de71168c3724a2574",
    "https://esm.sh/v132/@remusao/small@1.2.1/denonext/small.mjs": "e97f0b5097446a377d2650104bc9c5ccb3d8cfec63ef8a820e91e6129f2153bd",
    "https://esm.sh/v132/@remusao/smaz-compress@1.9.1/denonext/smaz-compress.mjs": "881434f0e6607124704c434c4e190d9d888ba12811e4a9237c4a8d012b15eeda",
    "https://esm.sh/v132/@remusao/smaz-decompress@1.9.1/denonext/smaz-decompress.mjs": "af4fb9f0277a767776c4498353ad3b1d92c6a5d86a0c7597bdc87f6d2ae7c5bc",
    "https://esm.sh/v132/@remusao/smaz@1.9.1/denonext/smaz.mjs": "dbea22cd09026c5219c1b65499bc4c67e417a027464a9ba8e4edec2f49a60a41",
    "https://esm.sh/v132/@remusao/trie@1.4.1/denonext/trie.mjs": "bf333f103391528ecd50de020e14141bf3534cdbb63fe06e779be0b92ae69c9b",
    "https://esm.sh/v132/ajv@6.12.6/denonext/ajv.mjs": "15f8aeac5d5076fa88d27a3f31afe7b5510d94a9c14e0c42f1874cd882c86b67",
    "https://esm.sh/v132/ansi-styles@3.2.1/denonext/ansi-styles.mjs": "31aca4a3a73496b7346335c47c493a1722e73c695ab0ade28378768da3e16b69",
    "https://esm.sh/v132/axios@0.19.2/denonext/axios.mjs": "8fd976287e196e8454e2459e8eb14a2f2f4ab6da5d696fa0b515a56bf53e9585",
    "https://esm.sh/v132/better-ajv-errors@0.6.7/denonext/better-ajv-errors.mjs": "78b5677bbe9e52cee7948b8af2f618649327a280e35b8ae8bd73f0e861690e08",
    "https://esm.sh/v132/chalk@2.4.2/denonext/chalk.mjs": "9c1eb9e30f7b3c65efd710f0f2e07bc964ef6c8267d8946d10bebc181780d488",
    "https://esm.sh/v132/color-convert@1.9.3/denonext/color-convert.mjs": "f451f8b178d773f401f1a8709a86e99520569f7df1a969c4188228fbe5fad973",
    "https://esm.sh/v132/color-name@1.1.3/denonext/color-name.mjs": "d861d17556df4a55292f42fb6d550d762869c8b84dcf5ad7f0d403945e125086",
    "https://esm.sh/v132/consola@2.15.3/denonext/consola.mjs": "7a69b994b86ed3c7479623632195ddda292c03c21ab700e85203e0e436a083d5",
    "https://esm.sh/v132/core-js@3.32.2/denonext/modules/es.array.concat.js": "6ab9fe9d0c96617d3a6e1970723b6160d43eaa60a7f6d245b66cbf1e48cf9e7d",
    "https://esm.sh/v132/core-js@3.32.2/denonext/modules/es.array.filter.js": "70dac54c7f8cb76137039664883d356e5df873ae7be6cb70a73dc7ec58fbffc7",
    "https://esm.sh/v132/core-js@3.32.2/denonext/modules/es.array.iterator.js": "6220751ac0259c441a8f06324e49876e5bc5248d9847662493139e2b37111ac2",
    "https://esm.sh/v132/core-js@3.32.2/denonext/modules/es.array.map.js": "5560e38cdfbd505b8cb780bc03b4db37a16e0f3aff8813f74f63db346175d39a",
    "https://esm.sh/v132/core-js@3.32.2/denonext/modules/es.array.slice.js": "a96fbd0433931bc451e0622b74b543ec21101412d85f5c7b3f44cf4b130e92ee",
    "https://esm.sh/v132/core-js@3.32.2/denonext/modules/es.array.sort.js": "f2e1c11d683a2beb515fd696e1e31f5a116d15f156f5b96aa44332c442981ac5",
    "https://esm.sh/v132/core-js@3.32.2/denonext/modules/es.object.assign.js": "15a255a18d148bab7bdf84d60f84d29b63159bf9862e0f26d41958b212a3080a",
    "https://esm.sh/v132/core-js@3.32.2/denonext/modules/es.object.entries.js": "b565ec37adcc2963455243cfeb4fec791a8337db5e2ac740f9c48b2fe1c5774d",
    "https://esm.sh/v132/core-js@3.32.2/denonext/modules/es.object.to-string.js": "2c4bb76702bfe0e54477c29b2fc846ee22a628a911d60077c5ca82654bd4f447",
    "https://esm.sh/v132/core-js@3.32.2/denonext/modules/es.object.values.js": "96a086c0ed72478a0a7a8b66a05e43fa4e88ae18e4503362e0758d9f268a0fe1",
    "https://esm.sh/v132/core-js@3.32.2/denonext/modules/es.regexp.to-string.js": "d6a16f8d593103e105923bca0e6c9d74c28b104ab2982034b5f1d8ffb0ea9a96",
    "https://esm.sh/v132/core-js@3.32.2/denonext/modules/es.set.js": "e92b81c9faffed6660de7c050e490849a8297ec48deaf3ec4267698b42ded947",
    "https://esm.sh/v132/core-js@3.32.2/denonext/modules/es.string.match.js": "51fb53c563c367823f58c64a5efcefc720c4138aafcc7555e6408d540975e41c",
    "https://esm.sh/v132/core-js@3.32.2/denonext/modules/es.string.split.js": "712f7b2e4fea43a0ca3a0d184e7227ff75fe60fcae0c02af3bf7337ed9f8f49f",
    "https://esm.sh/v132/escape-string-regexp@1.0.5/denonext/escape-string-regexp.mjs": "51de6a8a3f3b493da11d68ecafefb2cc85d87f1bab101d134865365beba82a46",
    "https://esm.sh/v132/fast-deep-equal@3.1.3/denonext/fast-deep-equal.mjs": "6313b3e05436550e1c0aeb2a282206b9b8d9213b4c6f247964dd7bb4835fb9e5",
    "https://esm.sh/v132/fast-json-stable-stringify@2.1.0/denonext/fast-json-stable-stringify.mjs": "56a4807f5bc022ed2a240d97b4ca83c1227fece1e5e7e48f1c4971cd333ee6c5",
    "https://esm.sh/v132/js-tokens@4.0.0/denonext/js-tokens.mjs": "023e64119966814c439af6df3470f26c561a2a4fa04351ddc1f3c0a626cae467",
    "https://esm.sh/v132/json-schema-traverse@0.4.1/denonext/json-schema-traverse.mjs": "600fde14c574305fb803c77ef635d0d280375fb4bbea9aba4d2698b60c0c4c68",
    "https://esm.sh/v132/json-to-ast@2.1.0/denonext/json-to-ast.mjs": "144a7cadb6b7a99b03c04e276ada748423e3443264c84cac53390da5a01cd6eb",
    "https://esm.sh/v132/jsonpointer@4.1.0/denonext/jsonpointer.mjs": "2b7c8613af59c73cd6b1f95a01da83ac518dd6a22ab6fabd3322b9b329bf9356",
    "https://esm.sh/v132/leven@3.1.0/denonext/leven.mjs": "1aba54730d685832649ae6442479fe4f5574999bf56b45756159d3f09fb76cdf",
    "https://esm.sh/v132/lodash@4.17.21/denonext/lodash.mjs": "03507ec58790b76db2d03270878c70b943b83099cdfdcad2b0fa8759abc61057",
    "https://esm.sh/v132/supports-color@5.5.0/denonext/supports-color.mjs": "71b282892b66cacbf5b14d08abfe8296b1a062f51052ac8ae6cd5151deed430b",
    "https://esm.sh/v132/tldts-core@5.7.112/denonext/tldts-core.mjs": "67a66dbe6b8c69ee68333c087d036bcc3a69a43a9dbfab0e7a0c31b8c4c7a8b3",
    "https://esm.sh/v132/tldts-core@6.0.15/denonext/tldts-core.mjs": "f89f70108b0cdb0e274977f037c52e42e8f97e85e372ece1ed883e436078f049",
    "https://esm.sh/v132/tldts-experimental@6.0.15/denonext/tldts-experimental.mjs": "90459d85226d6b771775e89ba7fe3e57eee3dc1e39cff54b7a1ff8291b33981b",
    "https://esm.sh/v132/tldts@5.7.112/denonext/tldts.mjs": "b1991285d5110a45126f736f4eb5d054538b5660e57023016bf5b06fd936f9d7",
    "https://esm.sh/v132/uri-js@4.4.1/denonext/uri-js.mjs": "901d462f9db207376b39ec603d841d87e6b9e9568ce97dfaab12aa77d0f99f74"
  }
}
